{
  "requires": true,
  "lockfileVersion": 1,
  "dependencies": {
    "vue-star-rating": {
      "version": "1.6.3",
      "resolved": "https://registry.npmjs.org/vue-star-rating/-/vue-star-rating-1.6.3.tgz",
      "integrity": "sha512-G8Snn/m+DkweYOl9ya+bpZtAuCdafbLHlFQTqvxHL4Gb/Q93FTMTPlybCveFFXSEQOprEuyZVA2B3TN6qSYVig=="
    }
  }
}
